
Microsoft Visual Studio Solution File, Format Version 12.00
# Visual Studio 2013
VisualStudioVersion = 12.0.40418.0
MinimumVisualStudioVersion = 10.0.40219.1
Project("{FAE04EC0-301F-11D3-BF4B-00C04F79EFBC}") = "PhoenixArchiveTool", "OutlookAddInTest\PhoenixArchiveTool.csproj", "{7994C109-ED44-4742-A63F-CB5CED33303C}"
EndProject
Project("{6141683F-8A12-4E36-9623-2EB02B2C2303}") = "Setup", "Setup\Setup.isproj", "{495C12D8-81B0-484E-8652-B478C321C30A}"
	ProjectSection(ProjectDependencies) = postProject
		{7994C109-ED44-4742-A63F-CB5CED33303C} = {7994C109-ED44-4742-A63F-CB5CED33303C}
	EndProjectSection
EndProject
Global
	GlobalSection(SolutionConfigurationPlatforms) = preSolution
		CD_ROM|Any CPU = CD_ROM|Any CPU
		Debug|Any CPU = Debug|Any CPU
		DVD-5|Any CPU = DVD-5|Any CPU
		Release|Any CPU = Release|Any CPU
		SingleImage|Any CPU = SingleImage|Any CPU
	EndGlobalSection
	GlobalSection(ProjectConfigurationPlatforms) = postSolution
		{7994C109-ED44-4742-A63F-CB5CED33303C}.CD_ROM|Any CPU.ActiveCfg = Release|Any CPU
		{7994C109-ED44-4742-A63F-CB5CED33303C}.CD_ROM|Any CPU.Build.0 = Release|Any CPU
		{7994C109-ED44-4742-A63F-CB5CED33303C}.Debug|Any CPU.ActiveCfg = Debug|Any CPU
		{7994C109-ED44-4742-A63F-CB5CED33303C}.Debug|Any CPU.Build.0 = Debug|Any CPU
		{7994C109-ED44-4742-A63F-CB5CED33303C}.DVD-5|Any CPU.ActiveCfg = Debug|Any CPU
		{7994C109-ED44-4742-A63F-CB5CED33303C}.DVD-5|Any CPU.Build.0 = Debug|Any CPU
		{7994C109-ED44-4742-A63F-CB5CED33303C}.Release|Any CPU.ActiveCfg = Release|Any CPU
		{7994C109-ED44-4742-A63F-CB5CED33303C}.Release|Any CPU.Build.0 = Release|Any CPU
		{7994C109-ED44-4742-A63F-CB5CED33303C}.SingleImage|Any CPU.ActiveCfg = Release|Any CPU
		{7994C109-ED44-4742-A63F-CB5CED33303C}.SingleImage|Any CPU.Build.0 = Release|Any CPU
		{495C12D8-81B0-484E-8652-B478C321C30A}.CD_ROM|Any CPU.ActiveCfg = CD_ROM
		{495C12D8-81B0-484E-8652-B478C321C30A}.CD_ROM|Any CPU.Build.0 = CD_ROM
		{495C12D8-81B0-484E-8652-B478C321C30A}.Debug|Any CPU.ActiveCfg = SingleImage
		{495C12D8-81B0-484E-8652-B478C321C30A}.Debug|Any CPU.Build.0 = SingleImage
		{495C12D8-81B0-484E-8652-B478C321C30A}.DVD-5|Any CPU.ActiveCfg = DVD-5
		{495C12D8-81B0-484E-8652-B478C321C30A}.DVD-5|Any CPU.Build.0 = DVD-5
		{495C12D8-81B0-484E-8652-B478C321C30A}.Release|Any CPU.ActiveCfg = SingleImage
		{495C12D8-81B0-484E-8652-B478C321C30A}.Release|Any CPU.Build.0 = SingleImage
		{495C12D8-81B0-484E-8652-B478C321C30A}.SingleImage|Any CPU.ActiveCfg = SingleImage
		{495C12D8-81B0-484E-8652-B478C321C30A}.SingleImage|Any CPU.Build.0 = SingleImage
	EndGlobalSection
	GlobalSection(SolutionProperties) = preSolution
		HideSolutionNode = FALSE
	EndGlobalSection
EndGlobal
